
Microsoft Visual Studio Solution File, Format Version 12.00
# Visual Studio Version 17
VisualStudioVersion = 17.13.35919.96
MinimumVisualStudioVersion = 10.0.40219.1
Project("{FAE04EC0-301F-11D3-BF4B-00C04F79EFBC}") = "Adis.Api", "Adis.Api\Adis.Api.csproj", "{52339159-680B-4718-9BF0-D7C6FA3F6741}"
EndProject
Project("{54A90642-561A-4BB1-A94E-469ADEE60C69}") = "adis.client", "adis.client\adis.client.esproj", "{F1C0CEB8-8287-4D63-F9A4-3AC15B1933AB}"
EndProject
Project("{E53339B2-1760-4266-BCC7-CA923CBCF16C}") = "docker-compose", "docker-compose.dcproj", "{81DDED9D-158B-E303-5F62-77A2896D2A5A}"
EndProject
Global
	GlobalSection(SolutionConfigurationPlatforms) = preSolution
		Debug|Any CPU = Debug|Any CPU
		Release|Any CPU = Release|Any CPU
	EndGlobalSection
	GlobalSection(ProjectConfigurationPlatforms) = postSolution
		{52339159-680B-4718-9BF0-D7C6FA3F6741}.Debug|Any CPU.ActiveCfg = Debug|Any CPU
		{52339159-680B-4718-9BF0-D7C6FA3F6741}.Debug|Any CPU.Build.0 = Debug|Any CPU
		{52339159-680B-4718-9BF0-D7C6FA3F6741}.Release|Any CPU.ActiveCfg = Release|Any CPU
		{52339159-680B-4718-9BF0-D7C6FA3F6741}.Release|Any CPU.Build.0 = Release|Any CPU
		{F1C0CEB8-8287-4D63-F9A4-3AC15B1933AB}.Debug|Any CPU.ActiveCfg = Debug|Any CPU
		{F1C0CEB8-8287-4D63-F9A4-3AC15B1933AB}.Debug|Any CPU.Build.0 = Debug|Any CPU
		{F1C0CEB8-8287-4D63-F9A4-3AC15B1933AB}.Debug|Any CPU.Deploy.0 = Debug|Any CPU
		{F1C0CEB8-8287-4D63-F9A4-3AC15B1933AB}.Release|Any CPU.ActiveCfg = Release|Any CPU
		{F1C0CEB8-8287-4D63-F9A4-3AC15B1933AB}.Release|Any CPU.Build.0 = Release|Any CPU
		{F1C0CEB8-8287-4D63-F9A4-3AC15B1933AB}.Release|Any CPU.Deploy.0 = Release|Any CPU
		{81DDED9D-158B-E303-5F62-77A2896D2A5A}.Debug|Any CPU.ActiveCfg = Debug|Any CPU
		{81DDED9D-158B-E303-5F62-77A2896D2A5A}.Debug|Any CPU.Build.0 = Debug|Any CPU
		{81DDED9D-158B-E303-5F62-77A2896D2A5A}.Release|Any CPU.ActiveCfg = Release|Any CPU
		{81DDED9D-158B-E303-5F62-77A2896D2A5A}.Release|Any CPU.Build.0 = Release|Any CPU
	EndGlobalSection
	GlobalSection(SolutionProperties) = preSolution
		HideSolutionNode = FALSE
	EndGlobalSection
	GlobalSection(ExtensibilityGlobals) = postSolution
		SolutionGuid = {E12EF8AD-F966-4A73-9013-2EE6022DECAD}
	EndGlobalSection
EndGlobal
